// !$*UTF8*$!
{
	archiveVersion = 1;
	classes = {
	};
	objectVersion = 48;
	objects = {

/* Begin PBXBuildFile section */
		BE8BF61D20BFD007009156D4 /* AppDelegate.swift in Sources */ = {isa = PBXBuildFile; fileRef = BE8BF61C20BFD007009156D4 /* AppDelegate.swift */; };
		BE8BF61F20BFD007009156D4 /* ViewController.swift in Sources */ = {isa = PBXBuildFile; fileRef = BE8BF61E20BFD007009156D4 /* ViewController.swift */; };
		BE8BF62220BFD007009156D4 /* Main.storyboard in Resources */ = {isa = PBXBuildFile; fileRef = BE8BF62020BFD007009156D4 /* Main.storyboard */; };
		BE8BF62420BFD007009156D4 /* Assets.xcassets in Resources */ = {isa = PBXBuildFile; fileRef = BE8BF62320BFD007009156D4 /* Assets.xcassets */; };
		BE8BF62720BFD007009156D4 /* LaunchScreen.storyboard in Resources */ = {isa = PBXBuildFile; fileRef = BE8BF62520BFD007009156D4 /* LaunchScreen.storyboard */; };
		BE8BF63220BFD007009156D4 /* pokedexTests.swift in Sources */ = {isa = PBXBuildFile; fileRef = BE8BF63120BFD007009156D4 /* pokedexTests.swift */; };
		BE8BF63D20BFD007009156D4 /* pokedexUITests.swift in Sources */ = {isa = PBXBuildFile; fileRef = BE8BF63C20BFD007009156D4 /* pokedexUITests.swift */; };
		BE8BF64B20BFD538009156D4 /* pokemon.csv in Resources */ = {isa = PBXBuildFile; fileRef = BE8BF64A20BFD538009156D4 /* pokemon.csv */; };
/* End PBXBuildFile section */

/* Begin PBXContainerItemProxy section */
		BE8BF62E20BFD007009156D4 /* PBXContainerItemProxy */ = {
			isa = PBXContainerItemProxy;
			containerPortal = BE8BF61120BFD007009156D4 /* Project object */;
			proxyType = 1;
			remoteGlobalIDString = BE8BF61820BFD007009156D4;
			remoteInfo = pokedex;
		};
		BE8BF63920BFD007009156D4 /* PBXContainerItemProxy */ = {
			isa = PBXContainerItemProxy;
			containerPortal = BE8BF61120BFD007009156D4 /* Project object */;
			proxyType = 1;
			remoteGlobalIDString = BE8BF61820BFD007009156D4;
			remoteInfo = pokedex;
		};
/* End PBXContainerItemProxy section */

/* Begin PBXFileReference section */
		BE8BF61920BFD007009156D4 /* pokedex.app */ = {isa = PBXFileReference; explicitFileType = wrapper.application; includeInIndex = 0; path = pokedex.app; sourceTree = BUILT_PRODUCTS_DIR; };
		BE8BF61C20BFD007009156D4 /* AppDelegate.swift */ = {isa = PBXFileReference; lastKnownFileType = sourcecode.swift; path = AppDelegate.swift; sourceTree = "<group>"; };
		BE8BF61E20BFD007009156D4 /* ViewController.swift */ = {isa = PBXFileReference; lastKnownFileType = sourcecode.swift; path = ViewController.swift; sourceTree = "<group>"; };
		BE8BF62120BFD007009156D4 /* Base */ = {isa = PBXFileReference; lastKnownFileType = file.storyboard; name = Base; path = Base.lproj/Main.storyboard; sourceTree = "<group>"; };
		BE8BF62320BFD007009156D4 /* Assets.xcassets */ = {isa = PBXFileReference; lastKnownFileType = folder.assetcatalog; path = Assets.xcassets; sourceTree = "<group>"; };
		BE8BF62620BFD007009156D4 /* Base */ = {isa = PBXFileReference; lastKnownFileType = file.storyboard; name = Base; path = Base.lproj/LaunchScreen.storyboard; sourceTree = "<group>"; };
		BE8BF62820BFD007009156D4 /* Info.plist */ = {isa = PBXFileReference; lastKnownFileType = text.plist.xml; path = Info.plist; sourceTree = "<group>"; };
		BE8BF62D20BFD007009156D4 /* pokedexTests.xctest */ = {isa = PBXFileReference; explicitFileType = wrapper.cfbundle; includeInIndex = 0; path = pokedexTests.xctest; sourceTree = BUILT_PRODUCTS_DIR; };
		BE8BF63120BFD007009156D4 /* pokedexTests.swift */ = {isa = PBXFileReference; lastKnownFileType = sourcecode.swift; path = pokedexTests.swift; sourceTree = "<group>"; };
		BE8BF63320BFD007009156D4 /* Info.plist */ = {isa = PBXFileReference; lastKnownFileType = text.plist.xml; path = Info.plist; sourceTree = "<group>"; };
		BE8BF63820BFD007009156D4 /* pokedexUITests.xctest */ = {isa = PBXFileReference; explicitFileType = wrapper.cfbundle; includeInIndex = 0; path = pokedexUITests.xctest; sourceTree = BUILT_PRODUCTS_DIR; };
		BE8BF63C20BFD007009156D4 /* pokedexUITests.swift */ = {isa = PBXFileReference; lastKnownFileType = sourcecode.swift; path = pokedexUITests.swift; sourceTree = "<group>"; };
		BE8BF63E20BFD007009156D4 /* Info.plist */ = {isa = PBXFileReference; lastKnownFileType = text.plist.xml; path = Info.plist; sourceTree = "<group>"; };
		BE8BF64A20BFD538009156D4 /* pokemon.csv */ = {isa = PBXFileReference; fileEncoding = 4; lastKnownFileType = text; path = pokemon.csv; sourceTree = "<group>"; };
/* End PBXFileReference section */

/* Begin PBXFrameworksBuildPhase section */
		BE8BF61620BFD007009156D4 /* Frameworks */ = {
			isa = PBXFrameworksBuildPhase;
			buildActionMask = 2147483647;
			files = (
			);
			runOnlyForDeploymentPostprocessing = 0;
		};
		BE8BF62A20BFD007009156D4 /* Frameworks */ = {
			isa = PBXFrameworksBuildPhase;
			buildActionMask = 2147483647;
			files = (
			);
			runOnlyForDeploymentPostprocessing = 0;
		};
		BE8BF63520BFD007009156D4 /* Frameworks */ = {
			isa = PBXFrameworksBuildPhase;
			buildActionMask = 2147483647;
			files = (
			);
			runOnlyForDeploymentPostprocessing = 0;
		};
/* End PBXFrameworksBuildPhase section */

/* Begin PBXGroup section */
		BE8BF61020BFD007009156D4 = {
			isa = PBXGroup;
			children = (
				BE8BF61B20BFD007009156D4 /* pokedex */,
				BE8BF63020BFD007009156D4 /* pokedexTests */,
				BE8BF63B20BFD007009156D4 /* pokedexUITests */,
				BE8BF61A20BFD007009156D4 /* Products */,
			);
			sourceTree = "<group>";
		};
		BE8BF61A20BFD007009156D4 /* Products */ = {
			isa = PBXGroup;
			children = (
				BE8BF61920BFD007009156D4 /* pokedex.app */,
				BE8BF62D20BFD007009156D4 /* pokedexTests.xctest */,
				BE8BF63820BFD007009156D4 /* pokedexUITests.xctest */,
			);
			name = Products;
			sourceTree = "<group>";
		};
		BE8BF61B20BFD007009156D4 /* pokedex */ = {
			isa = PBXGroup;
			children = (
				BE8BF61C20BFD007009156D4 /* AppDelegate.swift */,
				BE8BF61E20BFD007009156D4 /* ViewController.swift */,
				BE8BF62020BFD007009156D4 /* Main.storyboard */,
				BE8BF62320BFD007009156D4 /* Assets.xcassets */,
				BE8BF64A20BFD538009156D4 /* pokemon.csv */,
				BE8BF62520BFD007009156D4 /* LaunchScreen.storyboard */,
				BE8BF62820BFD007009156D4 /* Info.plist */,
			);
			path = pokedex;
			sourceTree = "<group>";
		};
		BE8BF63020BFD007009156D4 /* pokedexTests */ = {
			isa = PBXGroup;
			children = (
				BE8BF63120BFD007009156D4 /* pokedexTests.swift */,
				BE8BF63320BFD007009156D4 /* Info.plist */,
			);
			path = pokedexTests;
			sourceTree = "<group>";
		};
		BE8BF63B20BFD007009156D4 /* pokedexUITests */ = {
			isa = PBXGroup;
			children = (
				BE8BF63C20BFD007009156D4 /* pokedexUITests.swift */,
				BE8BF63E20BFD007009156D4 /* Info.plist */,
			);
			path = pokedexUITests;
			sourceTree = "<group>";
		};
/* End PBXGroup section */

/* Begin PBXNativeTarget section */
		BE8BF61820BFD007009156D4 /* pokedex */ = {
			isa = PBXNativeTarget;
			buildConfigurationList = BE8BF64120BFD007009156D4 /* Build configuration list for PBXNativeTarget "pokedex" */;
			buildPhases = (
				BE8BF61520BFD007009156D4 /* Sources */,
				BE8BF61620BFD007009156D4 /* Frameworks */,
				BE8BF61720BFD007009156D4 /* Resources */,
			);
			buildRules = (
			);
			dependencies = (
			);
			name = pokedex;
			productName = pokedex;
			productReference = BE8BF61920BFD007009156D4 /* pokedex.app */;
			productType = "com.apple.product-type.application";
		};
		BE8BF62C20BFD007009156D4 /* pokedexTests */ = {
			isa = PBXNativeTarget;
			buildConfigurationList = BE8BF64420BFD007009156D4 /* Build configuration list for PBXNativeTarget "pokedexTests" */;
			buildPhases = (
				BE8BF62920BFD007009156D4 /* Sources */,
				BE8BF62A20BFD007009156D4 /* Frameworks */,
				BE8BF62B20BFD007009156D4 /* Resources */,
			);
			buildRules = (
			);
			dependencies = (
				BE8BF62F20BFD007009156D4 /* PBXTargetDependency */,
			);
			name = pokedexTests;
			productName = pokedexTests;
			productReference = BE8BF62D20BFD007009156D4 /* pokedexTests.xctest */;
			productType = "com.apple.product-type.bundle.unit-test";
		};
		BE8BF63720BFD007009156D4 /* pokedexUITests */ = {
			isa = PBXNativeTarget;
			buildConfigurationList = BE8BF64720BFD007009156D4 /* Build configuration list for PBXNativeTarget "pokedexUITests" */;
			buildPhases = (
				BE8BF63420BFD007009156D4 /* Sources */,
				BE8BF63520BFD007009156D4 /* Frameworks */,
				BE8BF63620BFD007009156D4 /* Resources */,
			);
			buildRules = (
			);
			dependencies = (
				BE8BF63A20BFD007009156D4 /* PBXTargetDependency */,
			);
			name = pokedexUITests;
			productName = pokedexUITests;
			productReference = BE8BF63820BFD007009156D4 /* pokedexUITests.xctest */;
			productType = "com.apple.product-type.bundle.ui-testing";
		};
/* End PBXNativeTarget section */

/* Begin PBXProject section */
		BE8BF61120BFD007009156D4 /* Project object */ = {
			isa = PBXProject;
			attributes = {
				LastSwiftUpdateCheck = 0920;
				LastUpgradeCheck = 0920;
				ORGANIZATIONNAME = Munji;
				TargetAttributes = {
					BE8BF61820BFD007009156D4 = {
						CreatedOnToolsVersion = 9.2;
						ProvisioningStyle = Automatic;
					};
					BE8BF62C20BFD007009156D4 = {
						CreatedOnToolsVersion = 9.2;
						ProvisioningStyle = Automatic;
						TestTargetID = BE8BF61820BFD007009156D4;
					};
					BE8BF63720BFD007009156D4 = {
						CreatedOnToolsVersion = 9.2;
						ProvisioningStyle = Automatic;
						TestTargetID = BE8BF61820BFD007009156D4;
					};
				};
			};
			buildConfigurationList = BE8BF61420BFD007009156D4 /* Build configuration list for PBXProject "pokedex" */;
			compatibilityVersion = "Xcode 8.0";
			developmentRegion = en;
			hasScannedForEncodings = 0;
			knownRegions = (
				en,
				Base,
			);
			mainGroup = BE8BF61020BFD007009156D4;
			productRefGroup = BE8BF61A20BFD007009156D4 /* Products */;
			projectDirPath = "";
			projectRoot = "";
			targets = (
				BE8BF61820BFD007009156D4 /* pokedex */,
				BE8BF62C20BFD007009156D4 /* pokedexTests */,
				BE8BF63720BFD007009156D4 /* pokedexUITests */,
			);
		};
/* End PBXProject section */

/* Begin PBXResourcesBuildPhase section */
		BE8BF61720BFD007009156D4 /* Resources */ = {
			isa = PBXResourcesBuildPhase;
			buildActionMask = 2147483647;
			files = (
				BE8BF62720BFD007009156D4 /* LaunchScreen.storyboard in Resources */,
				BE8BF62420BFD007009156D4 /* Assets.xcassets in Resources */,
				BE8BF64B20BFD538009156D4 /* pokemon.csv in Resources */,
				BE8BF62220BFD007009156D4 /* Main.storyboard in Resources */,
			);
			runOnlyForDeploymentPostprocessing = 0;
		};
		BE8BF62B20BFD007009156D4 /* Resources */ = {
			isa = PBXResourcesBuildPhase;
			buildActionMask = 2147483647;
			files = (
			);
			runOnlyForDeploymentPostprocessing = 0;
		};
		BE8BF63620BFD007009156D4 /* Resources */ = {
			isa = PBXResourcesBuildPhase;
			buildActionMask = 2147483647;
			files = (
			);
			runOnlyForDeploymentPostprocessing = 0;
		};
/* End PBXResourcesBuildPhase section */

/* Begin PBXSourcesBuildPhase section */
		BE8BF61520BFD007009156D4 /* Sources */ = {
			isa = PBXSourcesBuildPhase;
			buildActionMask = 2147483647;
			files = (
				BE8BF61F20BFD007009156D4 /* ViewController.swift in Sources */,
				BE8BF61D20BFD007009156D4 /* AppDelegate.swift in Sources */,
			);
			runOnlyForDeploymentPostprocessing = 0;
		};
		BE8BF62920BFD007009156D4 /* Sources */ = {
			isa = PBXSourcesBuildPhase;
			buildActionMask = 2147483647;
			files = (
				BE8BF63220BFD007009156D4 /* pokedexTests.swift in Sources */,
			);
			runOnlyForDeploymentPostprocessing = 0;
		};
		BE8BF63420BFD007009156D4 /* Sources */ = {
			isa = PBXSourcesBuildPhase;
			buildActionMask = 2147483647;
			files = (
				BE8BF63D20BFD007009156D4 /* pokedexUITests.swift in Sources */,
			);
			runOnlyForDeploymentPostprocessing = 0;
		};
/* End PBXSourcesBuildPhase section */

/* Begin PBXTargetDependency section */
		BE8BF62F20BFD007009156D4 /* PBXTargetDependency */ = {
			isa = PBXTargetDependency;
			target = BE8BF61820BFD007009156D4 /* pokedex */;
			targetProxy = BE8BF62E20BFD007009156D4 /* PBXContainerItemProxy */;
		};
		BE8BF63A20BFD007009156D4 /* PBXTargetDependency */ = {
			isa = PBXTargetDependency;
			target = BE8BF61820BFD007009156D4 /* pokedex */;
			targetProxy = BE8BF63920BFD007009156D4 /* PBXContainerItemProxy */;
		};
/* End PBXTargetDependency section */

/* Begin PBXVariantGroup section */
		BE8BF62020BFD007009156D4 /* Main.storyboard */ = {
			isa = PBXVariantGroup;
			children = (
				BE8BF62120BFD007009156D4 /* Base */,
			);
			name = Main.storyboard;
			sourceTree = "<group>";
		};
		BE8BF62520BFD007009156D4 /* LaunchScreen.storyboard */ = {
			isa = PBXVariantGroup;
			children = (
				BE8BF62620BFD007009156D4 /* Base */,
			);
			name = LaunchScreen.storyboard;
			sourceTree = "<group>";
		};
/* End PBXVariantGroup section */

/* Begin XCBuildConfiguration section */
		BE8BF63F20BFD007009156D4 /* Debug */ = {
			isa = XCBuildConfiguration;
			buildSettings = {
				ALWAYS_SEARCH_USER_PATHS = NO;
				CLANG_ANALYZER_NONNULL = YES;
				CLANG_ANALYZER_NUMBER_OBJECT_CONVERSION = YES_AGGRESSIVE;
				CLANG_CXX_LANGUAGE_STANDARD = "gnu++14";
				CLANG_CXX_LIBRARY = "libc++";
				CLANG_ENABLE_MODULES = YES;
				CLANG_ENABLE_OBJC_ARC = YES;
				CLANG_WARN_BLOCK_CAPTURE_AUTORELEASING = YES;
				CLANG_WARN_BOOL_CONVERSION = YES;
				CLANG_WARN_COMMA = YES;
				CLANG_WARN_CONSTANT_CONVERSION = YES;
				CLANG_WARN_DIRECT_OBJC_ISA_USAGE = YES_ERROR;
				CLANG_WARN_DOCUMENTATION_COMMENTS = YES;
				CLANG_WARN_EMPTY_BODY = YES;
				CLANG_WARN_ENUM_CONVERSION = YES;
				CLANG_WARN_INFINITE_RECURSION = YES;
				CLANG_WARN_INT_CONVERSION = YES;
				CLANG_WARN_NON_LITERAL_NULL_CONVERSION = YES;
				CLANG_WARN_OBJC_LITERAL_CONVERSION = YES;
				CLANG_WARN_OBJC_ROOT_CLASS = YES_ERROR;
				CLANG_WARN_RANGE_LOOP_ANALYSIS = YES;
				CLANG_WARN_STRICT_PROTOTYPES = YES;
				CLANG_WARN_SUSPICIOUS_MOVE = YES;
				CLANG_WARN_UNGUARDED_AVAILABILITY = YES_AGGRESSIVE;
				CLANG_WARN_UNREACHABLE_CODE = YES;
				CLANG_WARN__DUPLICATE_METHOD_MATCH = YES;
				CODE_SIGN_IDENTITY = "iPhone Developer";
				COPY_PHASE_STRIP = NO;
				DEBUG_INFORMATION_FORMAT = dwarf;
				ENABLE_STRICT_OBJC_MSGSEND = YES;
				ENABLE_TESTABILITY = YES;
				GCC_C_LANGUAGE_STANDARD = gnu11;
				GCC_DYNAMIC_NO_PIC = NO;
				GCC_NO_COMMON_BLOCKS = YES;
				GCC_OPTIMIZATION_LEVEL = 0;
				GCC_PREPROCESSOR_DEFINITIONS = (
					"DEBUG=1",
					"$(inherited)",
				);
				GCC_WARN_64_TO_32_BIT_CONVERSION = YES;
				GCC_WARN_ABOUT_RETURN_TYPE = YES_ERROR;
				GCC_WARN_UNDECLARED_SELECTOR = YES;
				GCC_WARN_UNINITIALIZED_AUTOS = YES_AGGRESSIVE;
				GCC_WARN_UNUSED_FUNCTION = YES;
				GCC_WARN_UNUSED_VARIABLE = YES;
				IPHONEOS_DEPLOYMENT_TARGET = 11.2;
				MTL_ENABLE_DEBUG_INFO = YES;
				ONLY_ACTIVE_ARCH = YES;
				SDKROOT = iphoneos;
				SWIFT_ACTIVE_COMPILATION_CONDITIONS = DEBUG;
				SWIFT_OPTIMIZATION_LEVEL = "-Onone";
			};
			name = Debug;
		};
		BE8BF64020BFD007009156D4 /* Release */ = {
			isa = XCBuildConfiguration;
			buildSettings = {
				ALWAYS_SEARCH_USER_PATHS = NO;
				CLANG_ANALYZER_NONNULL = YES;
				CLANG_ANALYZER_NUMBER_OBJECT_CONVERSION = YES_AGGRESSIVE;
				CLANG_CXX_LANGUAGE_STANDARD = "gnu++14";
				CLANG_CXX_LIBRARY = "libc++";
				CLANG_ENABLE_MODULES = YES;
				CLANG_ENABLE_OBJC_ARC = YES;
				CLANG_WARN_BLOCK_CAPTURE_AUTORELEASING = YES;
				CLANG_WARN_BOOL_CONVERSION = YES;
				CLANG_WARN_COMMA = YES;
				CLANG_WARN_CONSTANT_CONVERSION = YES;
				CLANG_WARN_DIRECT_OBJC_ISA_USAGE = YES_ERROR;
				CLANG_WARN_DOCUMENTATION_COMMENTS = YES;
				CLANG_WARN_EMPTY_BODY = YES;
				CLANG_WARN_ENUM_CONVERSION = YES;
				CLANG_WARN_INFINITE_RECURSION = YES;
				CLANG_WARN_INT_CONVERSION = YES;
				CLANG_WARN_NON_LITERAL_NULL_CONVERSION = YES;
				CLANG_WARN_OBJC_LITERAL_CONVERSION = YES;
				CLANG_WARN_OBJC_ROOT_CLASS = YES_ERROR;
				CLANG_WARN_RANGE_LOOP_ANALYSIS = YES;
				CLANG_WARN_STRICT_PROTOTYPES = YES;
				CLANG_WARN_SUSPICIOUS_MOVE = YES;
				CLANG_WARN_UNGUARDED_AVAILABILITY = YES_AGGRESSIVE;
				CLANG_WARN_UNREACHABLE_CODE = YES;
				CLANG_WARN__DUPLICATE_METHOD_MATCH = YES;
				CODE_SIGN_IDENTITY = "iPhone Developer";
				COPY_PHASE_STRIP = NO;
				DEBUG_INFORMATION_FORMAT = "dwarf-with-dsym";
				ENABLE_NS_ASSERTIONS = NO;
				ENABLE_STRICT_OBJC_MSGSEND = YES;
				GCC_C_LANGUAGE_STANDARD = gnu11;
				GCC_NO_COMMON_BLOCKS = YES;
				GCC_WARN_64_TO_32_BIT_CONVERSION = YES;
				GCC_WARN_ABOUT_RETURN_TYPE = YES_ERROR;
				GCC_WARN_UNDECLARED_SELECTOR = YES;
				GCC_WARN_UNINITIALIZED_AUTOS = YES_AGGRESSIVE;
				GCC_WARN_UNUSED_FUNCTION = YES;
				GCC_WARN_UNUSED_VARIABLE = YES;
				IPHONEOS_DEPLOYMENT_TARGET = 11.2;
				MTL_ENABLE_DEBUG_INFO = NO;
				SDKROOT = iphoneos;
				SWIFT_OPTIMIZATION_LEVEL = "-Owholemodule";
				VALIDATE_PRODUCT = YES;
			};
			name = Release;
		};
		BE8BF64220BFD007009156D4 /* Debug */ = {
			isa = XCBuildConfiguration;
			buildSettings = {
				ASSETCATALOG_COMPILER_APPICON_NAME = AppIcon;
				CODE_SIGN_STYLE = Automatic;
				DEVELOPMENT_TEAM = PGJVRN26M6;
				INFOPLIST_FILE = pokedex/Info.plist;
				LD_RUNPATH_SEARCH_PATHS = "$(inherited) @executable_path/Frameworks";
				PRODUCT_BUNDLE_IDENTIFIER = MunjiKahalah.pokedex;
				PRODUCT_NAME = "$(TARGET_NAME)";
				SWIFT_VERSION = 4.0;
				TARGETED_DEVICE_FAMILY = "1,2";
			};
			name = Debug;
		};
		BE8BF64320BFD007009156D4 /* Release */ = {
			isa = XCBuildConfiguration;
			buildSettings = {
				ASSETCATALOG_COMPILER_APPICON_NAME = AppIcon;
				CODE_SIGN_STYLE = Automatic;
				DEVELOPMENT_TEAM = PGJVRN26M6;
				INFOPLIST_FILE = pokedex/Info.plist;
				LD_RUNPATH_SEARCH_PATHS = "$(inherited) @executable_path/Frameworks";
				PRODUCT_BUNDLE_IDENTIFIER = MunjiKahalah.pokedex;
				PRODUCT_NAME = "$(TARGET_NAME)";
				SWIFT_VERSION = 4.0;
				TARGETED_DEVICE_FAMILY = "1,2";
			};
			name = Release;
		};
		BE8BF64520BFD007009156D4 /* Debug */ = {
			isa = XCBuildConfiguration;
			buildSettings = {
				ALWAYS_EMBED_SWIFT_STANDARD_LIBRARIES = YES;
				BUNDLE_LOADER = "$(TEST_HOST)";
				CODE_SIGN_STYLE = Automatic;
				DEVELOPMENT_TEAM = PGJVRN26M6;
				INFOPLIST_FILE = pokedexTests/Info.plist;
				LD_RUNPATH_SEARCH_PATHS = "$(inherited) @executable_path/Frameworks @loader_path/Frameworks";
				PRODUCT_BUNDLE_IDENTIFIER = MunjiKahalah.pokedexTests;
				PRODUCT_NAME = "$(TARGET_NAME)";
				SWIFT_VERSION = 4.0;
				TARGETED_DEVICE_FAMILY = "1,2";
				TEST_HOST = "$(BUILT_PRODUCTS_DIR)/pokedex.app/pokedex";
			};
			name = Debug;
		};
		BE8BF64620BFD007009156D4 /* Release */ = {
			isa = XCBuildConfiguration;
			buildSettings = {
				ALWAYS_EMBED_SWIFT_STANDARD_LIBRARIES = YES;
				BUNDLE_LOADER = "$(TEST_HOST)";
				CODE_SIGN_STYLE = Automatic;
				DEVELOPMENT_TEAM = PGJVRN26M6;
				INFOPLIST_FILE = pokedexTests/Info.plist;
				LD_RUNPATH_SEARCH_PATHS = "$(inherited) @executable_path/Frameworks @loader_path/Frameworks";
				PRODUCT_BUNDLE_IDENTIFIER = MunjiKahalah.pokedexTests;
				PRODUCT_NAME = "$(TARGET_NAME)";
				SWIFT_VERSION = 4.0;
				TARGETED_DEVICE_FAMILY = "1,2";
				TEST_HOST = "$(BUILT_PRODUCTS_DIR)/pokedex.app/pokedex";
			};
			name = Release;
		};
		BE8BF64820BFD007009156D4 /* Debug */ = {
			isa = XCBuildConfiguration;
			buildSettings = {
				ALWAYS_EMBED_SWIFT_STANDARD_LIBRARIES = YES;
				CODE_SIGN_STYLE = Automatic;
				DEVELOPMENT_TEAM = PGJVRN26M6;
				INFOPLIST_FILE = pokedexUITests/Info.plist;
				LD_RUNPATH_SEARCH_PATHS = "$(inherited) @executable_path/Frameworks @loader_path/Frameworks";
				PRODUCT_BUNDLE_IDENTIFIER = MunjiKahalah.pokedexUITests;
				PRODUCT_NAME = "$(TARGET_NAME)";
				SWIFT_VERSION = 4.0;
				TARGETED_DEVICE_FAMILY = "1,2";
				TEST_TARGET_NAME = pokedex;
			};
			name = Debug;
		};
		BE8BF64920BFD007009156D4 /* Release */ = {
			isa = XCBuildConfiguration;
			buildSettings = {
				ALWAYS_EMBED_SWIFT_STANDARD_LIBRARIES = YES;
				CODE_SIGN_STYLE = Automatic;
				DEVELOPMENT_TEAM = PGJVRN26M6;
				INFOPLIST_FILE = pokedexUITests/Info.plist;
				LD_RUNPATH_SEARCH_PATHS = "$(inherited) @executable_path/Frameworks @loader_path/Frameworks";
				PRODUCT_BUNDLE_IDENTIFIER = MunjiKahalah.pokedexUITests;
				PRODUCT_NAME = "$(TARGET_NAME)";
				SWIFT_VERSION = 4.0;
				TARGETED_DEVICE_FAMILY = "1,2";
				TEST_TARGET_NAME = pokedex;
			};
			name = Release;
		};
/* End XCBuildConfiguration section */

/* Begin XCConfigurationList section */
		BE8BF61420BFD007009156D4 /* Build configuration list for PBXProject "pokedex" */ = {
			isa = XCConfigurationList;
			buildConfigurations = (
				BE8BF63F20BFD007009156D4 /* Debug */,
				BE8BF64020BFD007009156D4 /* Release */,
			);
			defaultConfigurationIsVisible = 0;
			defaultConfigurationName = Release;
		};
		BE8BF64120BFD007009156D4 /* Build configuration list for PBXNativeTarget "pokedex" */ = {
			isa = XCConfigurationList;
			buildConfigurations = (
				BE8BF64220BFD007009156D4 /* Debug */,
				BE8BF64320BFD007009156D4 /* Release */,
			);
			defaultConfigurationIsVisible = 0;
			defaultConfigurationName = Release;
		};
		BE8BF64420BFD007009156D4 /* Build configuration list for PBXNativeTarget "pokedexTests" */ = {
			isa = XCConfigurationList;
			buildConfigurations = (
				BE8BF64520BFD007009156D4 /* Debug */,
				BE8BF64620BFD007009156D4 /* Release */,
			);
			defaultConfigurationIsVisible = 0;
			defaultConfigurationName = Release;
		};
		BE8BF64720BFD007009156D4 /* Build configuration list for PBXNativeTarget "pokedexUITests" */ = {
			isa = XCConfigurationList;
			buildConfigurations = (
				BE8BF64820BFD007009156D4 /* Debug */,
				BE8BF64920BFD007009156D4 /* Release */,
			);
			defaultConfigurationIsVisible = 0;
			defaultConfigurationName = Release;
		};
/* End XCConfigurationList section */
	};
	rootObject = BE8BF61120BFD007009156D4 /* Project object */;
}
