// !$*UTF8*$!
{
	archiveVersion = 1;
	classes = {
	};
	objectVersion = 48;
	objects = {

/* Begin PBXBuildFile section */
		A99B4F9A2EB15699ACCF3000 /* Pods_pokedex.framework in Frameworks */ = {isa = PBXBuildFile; fileRef = CCB4FD00327501877D94CD7A /* Pods_pokedex.framework */; };
		BE30B2B120C076BB00E2BAA1 /* PokeCell.swift in Sources */ = {isa = PBXBuildFile; fileRef = BE30B2B020C076BB00E2BAA1 /* PokeCell.swift */; };
		BE52EEA220C603C200BF0689 /* Contants.swift in Sources */ = {isa = PBXBuildFile; fileRef = BE52EEA120C603C200BF0689 /* Contants.swift */; };
		BE59F06220C2331900B7E387 /* csv.swift in Sources */ = {isa = PBXBuildFile; fileRef = BE59F06120C2331800B7E387 /* csv.swift */; };
		BE59F06620C252EF00B7E387 /* pokemonSol.ttf in Resources */ = {isa = PBXBuildFile; fileRef = BE59F06420C252EF00B7E387 /* pokemonSol.ttf */; };
		BE59F06720C252EF00B7E387 /* pokemonHol.ttf in Resources */ = {isa = PBXBuildFile; fileRef = BE59F06520C252EF00B7E387 /* pokemonHol.ttf */; };
		BE59F06C20C255C700B7E387 /* music.png in Resources */ = {isa = PBXBuildFile; fileRef = BE59F06B20C255C700B7E387 /* music.png */; };
		BE59F06E20C255D700B7E387 /* music.mp3 in Resources */ = {isa = PBXBuildFile; fileRef = BE59F06D20C255D700B7E387 /* music.mp3 */; };
		BE59F07020C310B000B7E387 /* PokemonDetailVC.swift in Sources */ = {isa = PBXBuildFile; fileRef = BE59F06F20C310B000B7E387 /* PokemonDetailVC.swift */; };
		BE8BF61D20BFD007009156D4 /* AppDelegate.swift in Sources */ = {isa = PBXBuildFile; fileRef = BE8BF61C20BFD007009156D4 /* AppDelegate.swift */; };
		BE8BF61F20BFD007009156D4 /* ViewController.swift in Sources */ = {isa = PBXBuildFile; fileRef = BE8BF61E20BFD007009156D4 /* ViewController.swift */; };
		BE8BF62220BFD007009156D4 /* Main.storyboard in Resources */ = {isa = PBXBuildFile; fileRef = BE8BF62020BFD007009156D4 /* Main.storyboard */; };
		BE8BF62420BFD007009156D4 /* Assets.xcassets in Resources */ = {isa = PBXBuildFile; fileRef = BE8BF62320BFD007009156D4 /* Assets.xcassets */; };
		BE8BF62720BFD007009156D4 /* LaunchScreen.storyboard in Resources */ = {isa = PBXBuildFile; fileRef = BE8BF62520BFD007009156D4 /* LaunchScreen.storyboard */; };
		BE8BF63220BFD007009156D4 /* pokedexTests.swift in Sources */ = {isa = PBXBuildFile; fileRef = BE8BF63120BFD007009156D4 /* pokedexTests.swift */; };
		BE8BF63D20BFD007009156D4 /* pokedexUITests.swift in Sources */ = {isa = PBXBuildFile; fileRef = BE8BF63C20BFD007009156D4 /* pokedexUITests.swift */; };
		BE8BF64B20BFD538009156D4 /* pokemon.csv in Resources */ = {isa = PBXBuildFile; fileRef = BE8BF64A20BFD538009156D4 /* pokemon.csv */; };
		BE8BF64E20BFD5FC009156D4 /* Pokemon.swift in Sources */ = {isa = PBXBuildFile; fileRef = BE8BF64D20BFD5FC009156D4 /* Pokemon.swift */; };
/* End PBXBuildFile section */

/* Begin PBXContainerItemProxy section */
		BE8BF62E20BFD007009156D4 /* PBXContainerItemProxy */ = {
			isa = PBXContainerItemProxy;
			containerPortal = BE8BF61120BFD007009156D4 /* Project object */;
			proxyType = 1;
			remoteGlobalIDString = BE8BF61820BFD007009156D4;
			remoteInfo = pokedex;
		};
		BE8BF63920BFD007009156D4 /* PBXContainerItemProxy */ = {
			isa = PBXContainerItemProxy;
			containerPortal = BE8BF61120BFD007009156D4 /* Project object */;
			proxyType = 1;
			remoteGlobalIDString = BE8BF61820BFD007009156D4;
			remoteInfo = pokedex;
		};
/* End PBXContainerItemProxy section */

/* Begin PBXFileReference section */
		1B8B3A80D848654D1573CA65 /* Pods-pokedex.release.xcconfig */ = {isa = PBXFileReference; includeInIndex = 1; lastKnownFileType = text.xcconfig; name = "Pods-pokedex.release.xcconfig"; path = "Pods/Target Support Files/Pods-pokedex/Pods-pokedex.release.xcconfig"; sourceTree = "<group>"; };
		BE30B2B020C076BB00E2BAA1 /* PokeCell.swift */ = {isa = PBXFileReference; lastKnownFileType = sourcecode.swift; path = PokeCell.swift; sourceTree = "<group>"; };
		BE52EEA120C603C200BF0689 /* Contants.swift */ = {isa = PBXFileReference; lastKnownFileType = sourcecode.swift; path = Contants.swift; sourceTree = "<group>"; };
		BE59F06120C2331800B7E387 /* csv.swift */ = {isa = PBXFileReference; fileEncoding = 4; lastKnownFileType = sourcecode.swift; path = csv.swift; sourceTree = "<group>"; };
		BE59F06420C252EF00B7E387 /* pokemonSol.ttf */ = {isa = PBXFileReference; lastKnownFileType = file; path = pokemonSol.ttf; sourceTree = "<group>"; };
		BE59F06520C252EF00B7E387 /* pokemonHol.ttf */ = {isa = PBXFileReference; lastKnownFileType = file; path = pokemonHol.ttf; sourceTree = "<group>"; };
		BE59F06B20C255C700B7E387 /* music.png */ = {isa = PBXFileReference; lastKnownFileType = image.png; path = music.png; sourceTree = "<group>"; };
		BE59F06D20C255D700B7E387 /* music.mp3 */ = {isa = PBXFileReference; lastKnownFileType = audio.mp3; path = music.mp3; sourceTree = "<group>"; };
		BE59F06F20C310B000B7E387 /* PokemonDetailVC.swift */ = {isa = PBXFileReference; lastKnownFileType = sourcecode.swift; path = PokemonDetailVC.swift; sourceTree = "<group>"; };
		BE8BF61920BFD007009156D4 /* pokedex.app */ = {isa = PBXFileReference; explicitFileType = wrapper.application; includeInIndex = 0; path = pokedex.app; sourceTree = BUILT_PRODUCTS_DIR; };
		BE8BF61C20BFD007009156D4 /* AppDelegate.swift */ = {isa = PBXFileReference; lastKnownFileType = sourcecode.swift; path = AppDelegate.swift; sourceTree = "<group>"; };
		BE8BF61E20BFD007009156D4 /* ViewController.swift */ = {isa = PBXFileReference; lastKnownFileType = sourcecode.swift; path = ViewController.swift; sourceTree = "<group>"; };
		BE8BF62120BFD007009156D4 /* Base */ = {isa = PBXFileReference; lastKnownFileType = file.storyboard; name = Base; path = Base.lproj/Main.storyboard; sourceTree = "<group>"; };
		BE8BF62320BFD007009156D4 /* Assets.xcassets */ = {isa = PBXFileReference; lastKnownFileType = folder.assetcatalog; path = Assets.xcassets; sourceTree = "<group>"; };
		BE8BF62620BFD007009156D4 /* Base */ = {isa = PBXFileReference; lastKnownFileType = file.storyboard; name = Base; path = Base.lproj/LaunchScreen.storyboard; sourceTree = "<group>"; };
		BE8BF62820BFD007009156D4 /* Info.plist */ = {isa = PBXFileReference; lastKnownFileType = text.plist.xml; path = Info.plist; sourceTree = "<group>"; };
		BE8BF62D20BFD007009156D4 /* pokedexTests.xctest */ = {isa = PBXFileReference; explicitFileType = wrapper.cfbundle; includeInIndex = 0; path = pokedexTests.xctest; sourceTree = BUILT_PRODUCTS_DIR; };
		BE8BF63120BFD007009156D4 /* pokedexTests.swift */ = {isa = PBXFileReference; lastKnownFileType = sourcecode.swift; path = pokedexTests.swift; sourceTree = "<group>"; };
		BE8BF63320BFD007009156D4 /* Info.plist */ = {isa = PBXFileReference; lastKnownFileType = text.plist.xml; path = Info.plist; sourceTree = "<group>"; };
		BE8BF63820BFD007009156D4 /* pokedexUITests.xctest */ = {isa = PBXFileReference; explicitFileType = wrapper.cfbundle; includeInIndex = 0; path = pokedexUITests.xctest; sourceTree = BUILT_PRODUCTS_DIR; };
		BE8BF63C20BFD007009156D4 /* pokedexUITests.swift */ = {isa = PBXFileReference; lastKnownFileType = sourcecode.swift; path = pokedexUITests.swift; sourceTree = "<group>"; };
		BE8BF63E20BFD007009156D4 /* Info.plist */ = {isa = PBXFileReference; lastKnownFileType = text.plist.xml; path = Info.plist; sourceTree = "<group>"; };
		BE8BF64A20BFD538009156D4 /* pokemon.csv */ = {isa = PBXFileReference; fileEncoding = 4; lastKnownFileType = text; path = pokemon.csv; sourceTree = "<group>"; };
		BE8BF64D20BFD5FC009156D4 /* Pokemon.swift */ = {isa = PBXFileReference; lastKnownFileType = sourcecode.swift; path = Pokemon.swift; sourceTree = "<group>"; };
		CCB4FD00327501877D94CD7A /* Pods_pokedex.framework */ = {isa = PBXFileReference; explicitFileType = wrapper.framework; includeInIndex = 0; path = Pods_pokedex.framework; sourceTree = BUILT_PRODUCTS_DIR; };
		F15E8282D34C6B38404D5D86 /* Pods-pokedex.debug.xcconfig */ = {isa = PBXFileReference; includeInIndex = 1; lastKnownFileType = text.xcconfig; name = "Pods-pokedex.debug.xcconfig"; path = "Pods/Target Support Files/Pods-pokedex/Pods-pokedex.debug.xcconfig"; sourceTree = "<group>"; };
/* End PBXFileReference section */

/* Begin PBXFrameworksBuildPhase section */
		BE8BF61620BFD007009156D4 /* Frameworks */ = {
			isa = PBXFrameworksBuildPhase;
			buildActionMask = 2147483647;
			files = (
				A99B4F9A2EB15699ACCF3000 /* Pods_pokedex.framework in Frameworks */,
			);
			runOnlyForDeploymentPostprocessing = 0;
		};
		BE8BF62A20BFD007009156D4 /* Frameworks */ = {
			isa = PBXFrameworksBuildPhase;
			buildActionMask = 2147483647;
			files = (
			);
			runOnlyForDeploymentPostprocessing = 0;
		};
		BE8BF63520BFD007009156D4 /* Frameworks */ = {
			isa = PBXFrameworksBuildPhase;
			buildActionMask = 2147483647;
			files = (
			);
			runOnlyForDeploymentPostprocessing = 0;
		};
/* End PBXFrameworksBuildPhase section */

/* Begin PBXGroup section */
		56EEA1E849EF7CC13FEE28B8 /* Frameworks */ = {
			isa = PBXGroup;
			children = (
				CCB4FD00327501877D94CD7A /* Pods_pokedex.framework */,
			);
			name = Frameworks;
			sourceTree = "<group>";
		};
		762FD69D5F39D2F815945451 /* Pods */ = {
			isa = PBXGroup;
			children = (
				F15E8282D34C6B38404D5D86 /* Pods-pokedex.debug.xcconfig */,
				1B8B3A80D848654D1573CA65 /* Pods-pokedex.release.xcconfig */,
			);
			name = Pods;
			sourceTree = "<group>";
		};
		BE30B2AF20C0769400E2BAA1 /* View */ = {
			isa = PBXGroup;
			children = (
				BE30B2B020C076BB00E2BAA1 /* PokeCell.swift */,
			);
			path = View;
			sourceTree = "<group>";
		};
		BE59F06320C252EF00B7E387 /* fonts */ = {
			isa = PBXGroup;
			children = (
				BE59F06420C252EF00B7E387 /* pokemonSol.ttf */,
				BE59F06520C252EF00B7E387 /* pokemonHol.ttf */,
			);
			path = fonts;
			sourceTree = "<group>";
		};
		BE59F06820C2530800B7E387 /* Controller */ = {
			isa = PBXGroup;
			children = (
				BE8BF61E20BFD007009156D4 /* ViewController.swift */,
				BE59F06F20C310B000B7E387 /* PokemonDetailVC.swift */,
			);
			path = Controller;
			sourceTree = "<group>";
		};
		BE59F06920C2532C00B7E387 /* Resources */ = {
			isa = PBXGroup;
			children = (
				BE59F06D20C255D700B7E387 /* music.mp3 */,
				BE59F06B20C255C700B7E387 /* music.png */,
				BE8BF64A20BFD538009156D4 /* pokemon.csv */,
				BE59F06320C252EF00B7E387 /* fonts */,
				BE59F06A20C2535A00B7E387 /* Util */,
			);
			path = Resources;
			sourceTree = "<group>";
		};
		BE59F06A20C2535A00B7E387 /* Util */ = {
			isa = PBXGroup;
			children = (
				BE59F06120C2331800B7E387 /* csv.swift */,
				BE52EEA120C603C200BF0689 /* Contants.swift */,
			);
			path = Util;
			sourceTree = "<group>";
		};
		BE8BF61020BFD007009156D4 = {
			isa = PBXGroup;
			children = (
				BE8BF61B20BFD007009156D4 /* pokedex */,
				BE8BF63020BFD007009156D4 /* pokedexTests */,
				BE8BF63B20BFD007009156D4 /* pokedexUITests */,
				BE8BF61A20BFD007009156D4 /* Products */,
				762FD69D5F39D2F815945451 /* Pods */,
				56EEA1E849EF7CC13FEE28B8 /* Frameworks */,
			);
			sourceTree = "<group>";
		};
		BE8BF61A20BFD007009156D4 /* Products */ = {
			isa = PBXGroup;
			children = (
				BE8BF61920BFD007009156D4 /* pokedex.app */,
				BE8BF62D20BFD007009156D4 /* pokedexTests.xctest */,
				BE8BF63820BFD007009156D4 /* pokedexUITests.xctest */,
			);
			name = Products;
			sourceTree = "<group>";
		};
		BE8BF61B20BFD007009156D4 /* pokedex */ = {
			isa = PBXGroup;
			children = (
				BE8BF64C20BFD5EA009156D4 /* Model */,
				BE30B2AF20C0769400E2BAA1 /* View */,
				BE59F06820C2530800B7E387 /* Controller */,
				BE59F06920C2532C00B7E387 /* Resources */,
				BE8BF61C20BFD007009156D4 /* AppDelegate.swift */,
				BE8BF62020BFD007009156D4 /* Main.storyboard */,
				BE8BF62320BFD007009156D4 /* Assets.xcassets */,
				BE8BF62520BFD007009156D4 /* LaunchScreen.storyboard */,
				BE8BF62820BFD007009156D4 /* Info.plist */,
			);
			path = pokedex;
			sourceTree = "<group>";
		};
		BE8BF63020BFD007009156D4 /* pokedexTests */ = {
			isa = PBXGroup;
			children = (
				BE8BF63120BFD007009156D4 /* pokedexTests.swift */,
				BE8BF63320BFD007009156D4 /* Info.plist */,
			);
			path = pokedexTests;
			sourceTree = "<group>";
		};
		BE8BF63B20BFD007009156D4 /* pokedexUITests */ = {
			isa = PBXGroup;
			children = (
				BE8BF63C20BFD007009156D4 /* pokedexUITests.swift */,
				BE8BF63E20BFD007009156D4 /* Info.plist */,
			);
			path = pokedexUITests;
			sourceTree = "<group>";
		};
		BE8BF64C20BFD5EA009156D4 /* Model */ = {
			isa = PBXGroup;
			children = (
				BE8BF64D20BFD5FC009156D4 /* Pokemon.swift */,
			);
			path = Model;
			sourceTree = "<group>";
		};
/* End PBXGroup section */

/* Begin PBXNativeTarget section */
		BE8BF61820BFD007009156D4 /* pokedex */ = {
			isa = PBXNativeTarget;
			buildConfigurationList = BE8BF64120BFD007009156D4 /* Build configuration list for PBXNativeTarget "pokedex" */;
			buildPhases = (
				41E217B318DD0E60EB6BDCB2 /* [CP] Check Pods Manifest.lock */,
				BE8BF61520BFD007009156D4 /* Sources */,
				BE8BF61620BFD007009156D4 /* Frameworks */,
				BE8BF61720BFD007009156D4 /* Resources */,
				9A3006C48B8C6C7EC834C123 /* [CP] Embed Pods Frameworks */,
			);
			buildRules = (
			);
			dependencies = (
			);
			name = pokedex;
			productName = pokedex;
			productReference = BE8BF61920BFD007009156D4 /* pokedex.app */;
			productType = "com.apple.product-type.application";
		};
		BE8BF62C20BFD007009156D4 /* pokedexTests */ = {
			isa = PBXNativeTarget;
			buildConfigurationList = BE8BF64420BFD007009156D4 /* Build configuration list for PBXNativeTarget "pokedexTests" */;
			buildPhases = (
				BE8BF62920BFD007009156D4 /* Sources */,
				BE8BF62A20BFD007009156D4 /* Frameworks */,
				BE8BF62B20BFD007009156D4 /* Resources */,
			);
			buildRules = (
			);
			dependencies = (
				BE8BF62F20BFD007009156D4 /* PBXTargetDependency */,
			);
			name = pokedexTests;
			productName = pokedexTests;
			productReference = BE8BF62D20BFD007009156D4 /* pokedexTests.xctest */;
			productType = "com.apple.product-type.bundle.unit-test";
		};
		BE8BF63720BFD007009156D4 /* pokedexUITests */ = {
			isa = PBXNativeTarget;
			buildConfigurationList = BE8BF64720BFD007009156D4 /* Build configuration list for PBXNativeTarget "pokedexUITests" */;
			buildPhases = (
				BE8BF63420BFD007009156D4 /* Sources */,
				BE8BF63520BFD007009156D4 /* Frameworks */,
				BE8BF63620BFD007009156D4 /* Resources */,
			);
			buildRules = (
			);
			dependencies = (
				BE8BF63A20BFD007009156D4 /* PBXTargetDependency */,
			);
			name = pokedexUITests;
			productName = pokedexUITests;
			productReference = BE8BF63820BFD007009156D4 /* pokedexUITests.xctest */;
			productType = "com.apple.product-type.bundle.ui-testing";
		};
/* End PBXNativeTarget section */

/* Begin PBXProject section */
		BE8BF61120BFD007009156D4 /* Project object */ = {
			isa = PBXProject;
			attributes = {
				LastSwiftUpdateCheck = 0920;
				LastUpgradeCheck = 0920;
				ORGANIZATIONNAME = Munji;
				TargetAttributes = {
					BE8BF61820BFD007009156D4 = {
						CreatedOnToolsVersion = 9.2;
						ProvisioningStyle = Automatic;
					};
					BE8BF62C20BFD007009156D4 = {
						CreatedOnToolsVersion = 9.2;
						ProvisioningStyle = Automatic;
						TestTargetID = BE8BF61820BFD007009156D4;
					};
					BE8BF63720BFD007009156D4 = {
						CreatedOnToolsVersion = 9.2;
						ProvisioningStyle = Automatic;
						TestTargetID = BE8BF61820BFD007009156D4;
					};
				};
			};
			buildConfigurationList = BE8BF61420BFD007009156D4 /* Build configuration list for PBXProject "pokedex" */;
			compatibilityVersion = "Xcode 8.0";
			developmentRegion = en;
			hasScannedForEncodings = 0;
			knownRegions = (
				en,
				Base,
			);
			mainGroup = BE8BF61020BFD007009156D4;
			productRefGroup = BE8BF61A20BFD007009156D4 /* Products */;
			projectDirPath = "";
			projectRoot = "";
			targets = (
				BE8BF61820BFD007009156D4 /* pokedex */,
				BE8BF62C20BFD007009156D4 /* pokedexTests */,
				BE8BF63720BFD007009156D4 /* pokedexUITests */,
			);
		};
/* End PBXProject section */

/* Begin PBXResourcesBuildPhase section */
		BE8BF61720BFD007009156D4 /* Resources */ = {
			isa = PBXResourcesBuildPhase;
			buildActionMask = 2147483647;
			files = (
				BE59F06E20C255D700B7E387 /* music.mp3 in Resources */,
				BE59F06620C252EF00B7E387 /* pokemonSol.ttf in Resources */,
				BE59F06C20C255C700B7E387 /* music.png in Resources */,
				BE8BF62720BFD007009156D4 /* LaunchScreen.storyboard in Resources */,
				BE59F06720C252EF00B7E387 /* pokemonHol.ttf in Resources */,
				BE8BF62420BFD007009156D4 /* Assets.xcassets in Resources */,
				BE8BF64B20BFD538009156D4 /* pokemon.csv in Resources */,
				BE8BF62220BFD007009156D4 /* Main.storyboard in Resources */,
			);
			runOnlyForDeploymentPostprocessing = 0;
		};
		BE8BF62B20BFD007009156D4 /* Resources */ = {
			isa = PBXResourcesBuildPhase;
			buildActionMask = 2147483647;
			files = (
			);
			runOnlyForDeploymentPostprocessing = 0;
		};
		BE8BF63620BFD007009156D4 /* Resources */ = {
			isa = PBXResourcesBuildPhase;
			buildActionMask = 2147483647;
			files = (
			);
			runOnlyForDeploymentPostprocessing = 0;
		};
/* End PBXResourcesBuildPhase section */

/* Begin PBXShellScriptBuildPhase section */
		41E217B318DD0E60EB6BDCB2 /* [CP] Check Pods Manifest.lock */ = {
			isa = PBXShellScriptBuildPhase;
			buildActionMask = 2147483647;
			files = (
			);
			inputPaths = (
				"${PODS_PODFILE_DIR_PATH}/Podfile.lock",
				"${PODS_ROOT}/Manifest.lock",
			);
			name = "[CP] Check Pods Manifest.lock";
			outputPaths = (
				"$(DERIVED_FILE_DIR)/Pods-pokedex-checkManifestLockResult.txt",
			);
			runOnlyForDeploymentPostprocessing = 0;
			shellPath = /bin/sh;
			shellScript = "diff \"${PODS_PODFILE_DIR_PATH}/Podfile.lock\" \"${PODS_ROOT}/Manifest.lock\" > /dev/null\nif [ $? != 0 ] ; then\n    # print error to STDERR\n    echo \"error: The sandbox is not in sync with the Podfile.lock. Run 'pod install' or update your CocoaPods installation.\" >&2\n    exit 1\nfi\n# This output is used by Xcode 'outputs' to avoid re-running this script phase.\necho \"SUCCESS\" > \"${SCRIPT_OUTPUT_FILE_0}\"\n";
			showEnvVarsInLog = 0;
		};
		9A3006C48B8C6C7EC834C123 /* [CP] Embed Pods Frameworks */ = {
			isa = PBXShellScriptBuildPhase;
			buildActionMask = 2147483647;
			files = (
			);
			inputPaths = (
				"${SRCROOT}/Pods/Target Support Files/Pods-pokedex/Pods-pokedex-frameworks.sh",
				"${BUILT_PRODUCTS_DIR}/Alamofire/Alamofire.framework",
			);
			name = "[CP] Embed Pods Frameworks";
			outputPaths = (
				"${TARGET_BUILD_DIR}/${FRAMEWORKS_FOLDER_PATH}/Alamofire.framework",
			);
			runOnlyForDeploymentPostprocessing = 0;
			shellPath = /bin/sh;
			shellScript = "\"${SRCROOT}/Pods/Target Support Files/Pods-pokedex/Pods-pokedex-frameworks.sh\"\n";
			showEnvVarsInLog = 0;
		};
/* End PBXShellScriptBuildPhase section */

/* Begin PBXSourcesBuildPhase section */
		BE8BF61520BFD007009156D4 /* Sources */ = {
			isa = PBXSourcesBuildPhase;
			buildActionMask = 2147483647;
			files = (
				BE30B2B120C076BB00E2BAA1 /* PokeCell.swift in Sources */,
				BE8BF61F20BFD007009156D4 /* ViewController.swift in Sources */,
				BE8BF61D20BFD007009156D4 /* AppDelegate.swift in Sources */,
				BE52EEA220C603C200BF0689 /* Contants.swift in Sources */,
				BE59F07020C310B000B7E387 /* PokemonDetailVC.swift in Sources */,
				BE8BF64E20BFD5FC009156D4 /* Pokemon.swift in Sources */,
				BE59F06220C2331900B7E387 /* csv.swift in Sources */,
			);
			runOnlyForDeploymentPostprocessing = 0;
		};
		BE8BF62920BFD007009156D4 /* Sources */ = {
			isa = PBXSourcesBuildPhase;
			buildActionMask = 2147483647;
			files = (
				BE8BF63220BFD007009156D4 /* pokedexTests.swift in Sources */,
			);
			runOnlyForDeploymentPostprocessing = 0;
		};
		BE8BF63420BFD007009156D4 /* Sources */ = {
			isa = PBXSourcesBuildPhase;
			buildActionMask = 2147483647;
			files = (
				BE8BF63D20BFD007009156D4 /* pokedexUITests.swift in Sources */,
			);
			runOnlyForDeploymentPostprocessing = 0;
		};
/* End PBXSourcesBuildPhase section */

/* Begin PBXTargetDependency section */
		BE8BF62F20BFD007009156D4 /* PBXTargetDependency */ = {
			isa = PBXTargetDependency;
			target = BE8BF61820BFD007009156D4 /* pokedex */;
			targetProxy = BE8BF62E20BFD007009156D4 /* PBXContainerItemProxy */;
		};
		BE8BF63A20BFD007009156D4 /* PBXTargetDependency */ = {
			isa = PBXTargetDependency;
			target = BE8BF61820BFD007009156D4 /* pokedex */;
			targetProxy = BE8BF63920BFD007009156D4 /* PBXContainerItemProxy */;
		};
/* End PBXTargetDependency section */

/* Begin PBXVariantGroup section */
		BE8BF62020BFD007009156D4 /* Main.storyboard */ = {
			isa = PBXVariantGroup;
			children = (
				BE8BF62120BFD007009156D4 /* Base */,
			);
			name = Main.storyboard;
			sourceTree = "<group>";
		};
		BE8BF62520BFD007009156D4 /* LaunchScreen.storyboard */ = {
			isa = PBXVariantGroup;
			children = (
				BE8BF62620BFD007009156D4 /* Base */,
			);
			name = LaunchScreen.storyboard;
			sourceTree = "<group>";
		};
/* End PBXVariantGroup section */

/* Begin XCBuildConfiguration section */
		BE8BF63F20BFD007009156D4 /* Debug */ = {
			isa = XCBuildConfiguration;
			buildSettings = {
				ALWAYS_SEARCH_USER_PATHS = NO;
				CLANG_ANALYZER_NONNULL = YES;
				CLANG_ANALYZER_NUMBER_OBJECT_CONVERSION = YES_AGGRESSIVE;
				CLANG_CXX_LANGUAGE_STANDARD = "gnu++14";
				CLANG_CXX_LIBRARY = "libc++";
				CLANG_ENABLE_MODULES = YES;
				CLANG_ENABLE_OBJC_ARC = YES;
				CLANG_WARN_BLOCK_CAPTURE_AUTORELEASING = YES;
				CLANG_WARN_BOOL_CONVERSION = YES;
				CLANG_WARN_COMMA = YES;
				CLANG_WARN_CONSTANT_CONVERSION = YES;
				CLANG_WARN_DIRECT_OBJC_ISA_USAGE = YES_ERROR;
				CLANG_WARN_DOCUMENTATION_COMMENTS = YES;
				CLANG_WARN_EMPTY_BODY = YES;
				CLANG_WARN_ENUM_CONVERSION = YES;
				CLANG_WARN_INFINITE_RECURSION = YES;
				CLANG_WARN_INT_CONVERSION = YES;
				CLANG_WARN_NON_LITERAL_NULL_CONVERSION = YES;
				CLANG_WARN_OBJC_LITERAL_CONVERSION = YES;
				CLANG_WARN_OBJC_ROOT_CLASS = YES_ERROR;
				CLANG_WARN_RANGE_LOOP_ANALYSIS = YES;
				CLANG_WARN_STRICT_PROTOTYPES = YES;
				CLANG_WARN_SUSPICIOUS_MOVE = YES;
				CLANG_WARN_UNGUARDED_AVAILABILITY = YES_AGGRESSIVE;
				CLANG_WARN_UNREACHABLE_CODE = YES;
				CLANG_WARN__DUPLICATE_METHOD_MATCH = YES;
				CODE_SIGN_IDENTITY = "iPhone Developer";
				COPY_PHASE_STRIP = NO;
				DEBUG_INFORMATION_FORMAT = dwarf;
				ENABLE_STRICT_OBJC_MSGSEND = YES;
				ENABLE_TESTABILITY = YES;
				GCC_C_LANGUAGE_STANDARD = gnu11;
				GCC_DYNAMIC_NO_PIC = NO;
				GCC_NO_COMMON_BLOCKS = YES;
				GCC_OPTIMIZATION_LEVEL = 0;
				GCC_PREPROCESSOR_DEFINITIONS = (
					"DEBUG=1",
					"$(inherited)",
				);
				GCC_WARN_64_TO_32_BIT_CONVERSION = YES;
				GCC_WARN_ABOUT_RETURN_TYPE = YES_ERROR;
				GCC_WARN_UNDECLARED_SELECTOR = YES;
				GCC_WARN_UNINITIALIZED_AUTOS = YES_AGGRESSIVE;
				GCC_WARN_UNUSED_FUNCTION = YES;
				GCC_WARN_UNUSED_VARIABLE = YES;
				IPHONEOS_DEPLOYMENT_TARGET = 11.2;
				MTL_ENABLE_DEBUG_INFO = YES;
				ONLY_ACTIVE_ARCH = YES;
				SDKROOT = iphoneos;
				SWIFT_ACTIVE_COMPILATION_CONDITIONS = DEBUG;
				SWIFT_OPTIMIZATION_LEVEL = "-Onone";
			};
			name = Debug;
		};
		BE8BF64020BFD007009156D4 /* Release */ = {
			isa = XCBuildConfiguration;
			buildSettings = {
				ALWAYS_SEARCH_USER_PATHS = NO;
				CLANG_ANALYZER_NONNULL = YES;
				CLANG_ANALYZER_NUMBER_OBJECT_CONVERSION = YES_AGGRESSIVE;
				CLANG_CXX_LANGUAGE_STANDARD = "gnu++14";
				CLANG_CXX_LIBRARY = "libc++";
				CLANG_ENABLE_MODULES = YES;
				CLANG_ENABLE_OBJC_ARC = YES;
				CLANG_WARN_BLOCK_CAPTURE_AUTORELEASING = YES;
				CLANG_WARN_BOOL_CONVERSION = YES;
				CLANG_WARN_COMMA = YES;
				CLANG_WARN_CONSTANT_CONVERSION = YES;
				CLANG_WARN_DIRECT_OBJC_ISA_USAGE = YES_ERROR;
				CLANG_WARN_DOCUMENTATION_COMMENTS = YES;
				CLANG_WARN_EMPTY_BODY = YES;
				CLANG_WARN_ENUM_CONVERSION = YES;
				CLANG_WARN_INFINITE_RECURSION = YES;
				CLANG_WARN_INT_CONVERSION = YES;
				CLANG_WARN_NON_LITERAL_NULL_CONVERSION = YES;
				CLANG_WARN_OBJC_LITERAL_CONVERSION = YES;
				CLANG_WARN_OBJC_ROOT_CLASS = YES_ERROR;
				CLANG_WARN_RANGE_LOOP_ANALYSIS = YES;
				CLANG_WARN_STRICT_PROTOTYPES = YES;
				CLANG_WARN_SUSPICIOUS_MOVE = YES;
				CLANG_WARN_UNGUARDED_AVAILABILITY = YES_AGGRESSIVE;
				CLANG_WARN_UNREACHABLE_CODE = YES;
				CLANG_WARN__DUPLICATE_METHOD_MATCH = YES;
				CODE_SIGN_IDENTITY = "iPhone Developer";
				COPY_PHASE_STRIP = NO;
				DEBUG_INFORMATION_FORMAT = "dwarf-with-dsym";
				ENABLE_NS_ASSERTIONS = NO;
				ENABLE_STRICT_OBJC_MSGSEND = YES;
				GCC_C_LANGUAGE_STANDARD = gnu11;
				GCC_NO_COMMON_BLOCKS = YES;
				GCC_WARN_64_TO_32_BIT_CONVERSION = YES;
				GCC_WARN_ABOUT_RETURN_TYPE = YES_ERROR;
				GCC_WARN_UNDECLARED_SELECTOR = YES;
				GCC_WARN_UNINITIALIZED_AUTOS = YES_AGGRESSIVE;
				GCC_WARN_UNUSED_FUNCTION = YES;
				GCC_WARN_UNUSED_VARIABLE = YES;
				IPHONEOS_DEPLOYMENT_TARGET = 11.2;
				MTL_ENABLE_DEBUG_INFO = NO;
				SDKROOT = iphoneos;
				SWIFT_OPTIMIZATION_LEVEL = "-Owholemodule";
				VALIDATE_PRODUCT = YES;
			};
			name = Release;
		};
		BE8BF64220BFD007009156D4 /* Debug */ = {
			isa = XCBuildConfiguration;
			baseConfigurationReference = F15E8282D34C6B38404D5D86 /* Pods-pokedex.debug.xcconfig */;
			buildSettings = {
				ASSETCATALOG_COMPILER_APPICON_NAME = AppIcon;
				CODE_SIGN_STYLE = Automatic;
				DEVELOPMENT_TEAM = PGJVRN26M6;
				INFOPLIST_FILE = pokedex/Info.plist;
				LD_RUNPATH_SEARCH_PATHS = "$(inherited) @executable_path/Frameworks";
				PRODUCT_BUNDLE_IDENTIFIER = MunjiKahalah.pokedex;
				PRODUCT_NAME = "$(TARGET_NAME)";
				SWIFT_VERSION = 4.0;
				TARGETED_DEVICE_FAMILY = "1,2";
			};
			name = Debug;
		};
		BE8BF64320BFD007009156D4 /* Release */ = {
			isa = XCBuildConfiguration;
			baseConfigurationReference = 1B8B3A80D848654D1573CA65 /* Pods-pokedex.release.xcconfig */;
			buildSettings = {
				ASSETCATALOG_COMPILER_APPICON_NAME = AppIcon;
				CODE_SIGN_STYLE = Automatic;
				DEVELOPMENT_TEAM = PGJVRN26M6;
				INFOPLIST_FILE = pokedex/Info.plist;
				LD_RUNPATH_SEARCH_PATHS = "$(inherited) @executable_path/Frameworks";
				PRODUCT_BUNDLE_IDENTIFIER = MunjiKahalah.pokedex;
				PRODUCT_NAME = "$(TARGET_NAME)";
				SWIFT_VERSION = 4.0;
				TARGETED_DEVICE_FAMILY = "1,2";
			};
			name = Release;
		};
		BE8BF64520BFD007009156D4 /* Debug */ = {
			isa = XCBuildConfiguration;
			buildSettings = {
				ALWAYS_EMBED_SWIFT_STANDARD_LIBRARIES = YES;
				BUNDLE_LOADER = "$(TEST_HOST)";
				CODE_SIGN_STYLE = Automatic;
				DEVELOPMENT_TEAM = PGJVRN26M6;
				INFOPLIST_FILE = pokedexTests/Info.plist;
				LD_RUNPATH_SEARCH_PATHS = "$(inherited) @executable_path/Frameworks @loader_path/Frameworks";
				PRODUCT_BUNDLE_IDENTIFIER = MunjiKahalah.pokedexTests;
				PRODUCT_NAME = "$(TARGET_NAME)";
				SWIFT_VERSION = 4.0;
				TARGETED_DEVICE_FAMILY = "1,2";
				TEST_HOST = "$(BUILT_PRODUCTS_DIR)/pokedex.app/pokedex";
			};
			name = Debug;
		};
		BE8BF64620BFD007009156D4 /* Release */ = {
			isa = XCBuildConfiguration;
			buildSettings = {
				ALWAYS_EMBED_SWIFT_STANDARD_LIBRARIES = YES;
				BUNDLE_LOADER = "$(TEST_HOST)";
				CODE_SIGN_STYLE = Automatic;
				DEVELOPMENT_TEAM = PGJVRN26M6;
				INFOPLIST_FILE = pokedexTests/Info.plist;
				LD_RUNPATH_SEARCH_PATHS = "$(inherited) @executable_path/Frameworks @loader_path/Frameworks";
				PRODUCT_BUNDLE_IDENTIFIER = MunjiKahalah.pokedexTests;
				PRODUCT_NAME = "$(TARGET_NAME)";
				SWIFT_VERSION = 4.0;
				TARGETED_DEVICE_FAMILY = "1,2";
				TEST_HOST = "$(BUILT_PRODUCTS_DIR)/pokedex.app/pokedex";
			};
			name = Release;
		};
		BE8BF64820BFD007009156D4 /* Debug */ = {
			isa = XCBuildConfiguration;
			buildSettings = {
				ALWAYS_EMBED_SWIFT_STANDARD_LIBRARIES = YES;
				CODE_SIGN_STYLE = Automatic;
				DEVELOPMENT_TEAM = PGJVRN26M6;
				INFOPLIST_FILE = pokedexUITests/Info.plist;
				LD_RUNPATH_SEARCH_PATHS = "$(inherited) @executable_path/Frameworks @loader_path/Frameworks";
				PRODUCT_BUNDLE_IDENTIFIER = MunjiKahalah.pokedexUITests;
				PRODUCT_NAME = "$(TARGET_NAME)";
				SWIFT_VERSION = 4.0;
				TARGETED_DEVICE_FAMILY = "1,2";
				TEST_TARGET_NAME = pokedex;
			};
			name = Debug;
		};
		BE8BF64920BFD007009156D4 /* Release */ = {
			isa = XCBuildConfiguration;
			buildSettings = {
				ALWAYS_EMBED_SWIFT_STANDARD_LIBRARIES = YES;
				CODE_SIGN_STYLE = Automatic;
				DEVELOPMENT_TEAM = PGJVRN26M6;
				INFOPLIST_FILE = pokedexUITests/Info.plist;
				LD_RUNPATH_SEARCH_PATHS = "$(inherited) @executable_path/Frameworks @loader_path/Frameworks";
				PRODUCT_BUNDLE_IDENTIFIER = MunjiKahalah.pokedexUITests;
				PRODUCT_NAME = "$(TARGET_NAME)";
				SWIFT_VERSION = 4.0;
				TARGETED_DEVICE_FAMILY = "1,2";
				TEST_TARGET_NAME = pokedex;
			};
			name = Release;
		};
/* End XCBuildConfiguration section */

/* Begin XCConfigurationList section */
		BE8BF61420BFD007009156D4 /* Build configuration list for PBXProject "pokedex" */ = {
			isa = XCConfigurationList;
			buildConfigurations = (
				BE8BF63F20BFD007009156D4 /* Debug */,
				BE8BF64020BFD007009156D4 /* Release */,
			);
			defaultConfigurationIsVisible = 0;
			defaultConfigurationName = Release;
		};
		BE8BF64120BFD007009156D4 /* Build configuration list for PBXNativeTarget "pokedex" */ = {
			isa = XCConfigurationList;
			buildConfigurations = (
				BE8BF64220BFD007009156D4 /* Debug */,
				BE8BF64320BFD007009156D4 /* Release */,
			);
			defaultConfigurationIsVisible = 0;
			defaultConfigurationName = Release;
		};
		BE8BF64420BFD007009156D4 /* Build configuration list for PBXNativeTarget "pokedexTests" */ = {
			isa = XCConfigurationList;
			buildConfigurations = (
				BE8BF64520BFD007009156D4 /* Debug */,
				BE8BF64620BFD007009156D4 /* Release */,
			);
			defaultConfigurationIsVisible = 0;
			defaultConfigurationName = Release;
		};
		BE8BF64720BFD007009156D4 /* Build configuration list for PBXNativeTarget "pokedexUITests" */ = {
			isa = XCConfigurationList;
			buildConfigurations = (
				BE8BF64820BFD007009156D4 /* Debug */,
				BE8BF64920BFD007009156D4 /* Release */,
			);
			defaultConfigurationIsVisible = 0;
			defaultConfigurationName = Release;
		};
/* End XCConfigurationList section */
	};
	rootObject = BE8BF61120BFD007009156D4 /* Project object */;
}
